{
  "version": 1,
  "dependencies": {
    "net10.0": {
      "BenchmarkDotNet": {
        "type": "Direct",
        "requested": "[0.15.8, )",
        "resolved": "0.15.8",
        "contentHash": "paCfrWxSeHqn3rUZc0spYXVFnHCF0nzRhG0nOLnyTjZYs8spsimBaaNmb3vwqvALKIplbYq/TF393vYiYSnh/Q==",
        "dependencies": {
          "BenchmarkDotNet.Annotations": "0.15.8",
          "CommandLineParser": "2.9.1",
          "Gee.External.Capstone": "2.3.0",
          "Iced": "1.21.0",
          "Microsoft.CodeAnalysis.CSharp": "4.14.0",
          "Microsoft.Diagnostics.Runtime": "3.1.512801",
          "Microsoft.Diagnostics.Tracing.TraceEvent": "3.1.21",
          "Microsoft.DotNet.PlatformAbstractions": "3.1.6",
          "Perfolizer": "[0.6.1]",
          "System.Management": "9.0.5"
        }
      },
      "Microsoft.VisualStudio.DiagnosticsHub.BenchmarkDotNetDiagnosers": {
        "type": "Direct",
        "requested": "[18.7.37220.1, )",
        "resolved": "18.7.37220.1",
        "contentHash": "ZTvSsOhpNj1CzTa3nAB/cc5umN698kthTAtS/wvjYkKLcT/YbxWOtEZrWILyCazSHtYgmOfvZtBWlpv15IZasg==",
        "dependencies": {
          "BenchmarkDotNet": "0.15.0"
        }
      },
      "SonarAnalyzer.CSharp": {
        "type": "Direct",
        "requested": "[10.31.0.145097, )",
        "resolved": "10.31.0.145097",
        "contentHash": "Kz/B+7NsmSaRgHWdd9exXHLFNAS9Dt1LmLqwiAdUHybV/z/stcOFlaGSzflekLMu7hVog0aUek2ihTiFlu06Zw=="
      },
      "StyleCop.Analyzers": {
        "type": "Direct",
        "requested": "[1.1.118, )",
        "resolved": "1.1.118",
        "contentHash": "Onx6ovGSqXSK07n/0eM3ZusiNdB6cIlJdabQhWGgJp3Vooy9AaLS/tigeybOJAobqbtggTamoWndz72JscZBvw=="
      },
      "Azure.Core": {
        "type": "Transitive",
        "resolved": "1.60.0",
        "contentHash": "qCa5DLAq0w14aTl9/bvMZNA/QxPzYj1a4zakrpeudxWd4D4YliRHRfccD3yFECeHkMkvQjMmyWLggb8bzhDVKA==",
        "dependencies": {
          "Microsoft.Bcl.AsyncInterfaces": "10.0.9",
          "Microsoft.Identity.Client": "4.84.2",
          "Microsoft.Identity.Client.Extensions.Msal": "4.84.2",
          "System.ClientModel": "1.14.0",
          "System.Memory.Data": "10.0.9"
        }
      },
      "Azure.Core.Amqp": {
        "type": "Transitive",
        "resolved": "1.3.1",
        "contentHash": "AY1ZM4WwLBb9L2WwQoWs7wS2XKYg83tp3yVVdgySdebGN0FuIszuEqCy3Nhv6qHpbkjx/NGuOTsUbF/oNGBgwA==",
        "dependencies": {
          "Microsoft.Azure.Amqp": "2.6.7",
          "System.Memory.Data": "1.0.2"
        }
      },
      "Azure.Extensions.AspNetCore.DataProtection.Blobs": {
        "type": "Transitive",
        "resolved": "1.5.3",
        "contentHash": "owDEPihK2GwyOUWsj6Ae1M5dXqcJyKTWwPx1kYb7FWemMLB4Iox3xrcb2ev6dBTSQjpQWcsVFwpIuAGmOD8RXw==",
        "dependencies": {
          "Azure.Core": "1.55.0",
          "Azure.Storage.Blobs": "12.26.0"
        }
      },
      "Azure.Extensions.AspNetCore.DataProtection.Keys": {
        "type": "Transitive",
        "resolved": "1.6.3",
        "contentHash": "zALqsKe49Jde/fWGv0yCW5awfql23ZpWdhVVhOeF46h6SQGg843cJGUHiHjWn+sQPly6c6V1+2n+/pCXA7CVGw==",
        "dependencies": {
          "Azure.Core": "1.55.0",
          "Azure.Security.KeyVault.Keys": "4.10.0"
        }
      },
      "Azure.Identity": {
        "type": "Transitive",
        "resolved": "1.21.0",
        "contentHash": "GeFv8sGwRKvDKwI2WFy8r0mhmlxEVZg24Sit2NogTjiSO8RVjllWM65OT6e1sKjOvG8V74y7hAbaELUUPjZQSw==",
        "dependencies": {
          "Azure.Core": "1.53.0"
        }
      },
      "Azure.Messaging.ServiceBus": {
        "type": "Transitive",
        "resolved": "7.20.2",
        "contentHash": "mwr5c3Qs7FWUtwzlLOtVixYDpUuA+Ln7sNirljTHZR8kDhzdr2grlqx0RRBvGV+IDCRHt1jIRb+hi0MUzjeVmw==",
        "dependencies": {
          "Azure.Core": "1.60.0",
          "Azure.Core.Amqp": "1.3.1",
          "Microsoft.Azure.Amqp": "2.7.0"
        }
      },
      "Azure.Security.KeyVault.Keys": {
        "type": "Transitive",
        "resolved": "4.10.0",
        "contentHash": "R5iW7mH0EXdl3wqLQ7qglFQXl5JPGmmYXxDxKFT/TraCw6yRhlt5/G3NCc0Wb98P2P3lRZEI8lqF3BY0m9RkNA==",
        "dependencies": {
          "Azure.Core": "1.54.0"
        }
      },
      "Azure.Storage.Blobs": {
        "type": "Transitive",
        "resolved": "12.26.0",
        "contentHash": "EBRSHmI0eNzdufcIS1Rf7Ez9M8V1Jl7pMV4UWDERDMCv513KtAVsgz2ez2FQP9Qnwg7uEQrP+Uc7vBtumlr7sQ==",
        "dependencies": {
          "Azure.Core": "1.47.3",
          "Azure.Storage.Common": "12.25.0"
        }
      },
      "Azure.Storage.Common": {
        "type": "Transitive",
        "resolved": "12.25.0",
        "contentHash": "MHGWp4aLHRo0BdLj25U2qYdYK//Zz21k4bs3SVyNQEmJbBl3qZ8GuOmTSXJ+Zad93HnFXfvD8kyMr0gjA8Ftpw==",
        "dependencies": {
          "Azure.Core": "1.47.3",
          "System.IO.Hashing": "8.0.0"
        }
      },
      "BenchmarkDotNet.Annotations": {
        "type": "Transitive",
        "resolved": "0.15.8",
        "contentHash": "hfucY0ycAsB0SsoaZcaAp9oq5wlWBJcylvEJb9pmvdYUx6PD6S4mDiYnZWjdjAlLhIpe/xtGCwzORfzAzPqvzA=="
      },
      "CommandLineParser": {
        "type": "Transitive",
        "resolved": "2.9.1",
        "contentHash": "OE0sl1/sQ37bjVsPKKtwQlWDgqaxWgtme3xZz7JssWUzg5JpMIyHgCTY9MVMxOg48fJ1AgGT3tgdH5m/kQ5xhA=="
      },
      "Duende.IdentityModel": {
        "type": "Transitive",
        "resolved": "8.1.0",
        "contentHash": "ncmC2ISg0efTqY74xI6gaLKlv4mErT5ruYK262dkSnAv07g9qYC2++q7AWWs1FyP2c0YZ6LvUtcoJmxZqYyVrA=="
      },
      "Duende.IdentityServer": {
        "type": "Transitive",
        "resolved": "8.0.4",
        "contentHash": "G08vgYOJUBYn90pFS7i/leUEUN/6rw4c4fCheOErU0Oolo5etxdW/7oWLaXaYTLrmdEXo0qOKHUhTmGjdWmiXw==",
        "dependencies": {
          "Duende.IdentityServer.Storage": "8.0.4",
          "Duende.Private.Licensing": "2.0.1",
          "Microsoft.AspNetCore.Authentication.OpenIdConnect": "10.0.7",
          "Microsoft.Extensions.Caching.Hybrid": "10.0.0",
          "Microsoft.IdentityModel.Tokens.Saml": "8.18.0",
          "Microsoft.IdentityModel.Xml": "8.18.0"
        }
      },
      "Duende.IdentityServer.AspNetIdentity": {
        "type": "Transitive",
        "resolved": "8.0.4",
        "contentHash": "BXMpTMsqXOdPWSlkxsarDanxRVweabe6zNLSef+a5/LIskySy2b0sKLQNfwqIxFu/bzRfoXDGj5ak5uiFIv6+Q==",
        "dependencies": {
          "Duende.IdentityServer": "8.0.4"
        }
      },
      "Duende.IdentityServer.EntityFramework": {
        "type": "Transitive",
        "resolved": "8.0.4",
        "contentHash": "EiLI72Z/8Pi9nFx5qHiIAu0fBWJlT5Ks/JPUSPEaqh0srBu0xuImk+Cz+0SXK4d82gCxsJN26XLcXQA2Gu+h2Q==",
        "dependencies": {
          "Duende.IdentityServer": "8.0.4",
          "Duende.IdentityServer.EntityFramework.Storage": "8.0.4"
        }
      },
      "Duende.IdentityServer.EntityFramework.Storage": {
        "type": "Transitive",
        "resolved": "8.0.4",
        "contentHash": "z0oSdPozYNVT8ZlbbnxSl8uANosZu3wrw3qzcBUC7T2U0TZX4mipuEHY10qbzoPiASPemfcZgHvoQK91Pkziwg==",
        "dependencies": {
          "Duende.IdentityServer.Storage": "8.0.4",
          "Microsoft.EntityFrameworkCore.Relational": "10.0.7"
        }
      },
      "Duende.IdentityServer.Storage": {
        "type": "Transitive",
        "resolved": "8.0.4",
        "contentHash": "EMuiGzZZoRDQ8+Za9SVrisW0F1VeTTXsuDU9LEW6IYhR1YUgek4CLMghVVfIAy3NFxj/9qRlLtNM9pHBIz0Uiw==",
        "dependencies": {
          "Duende.IdentityModel": "8.1.0"
        }
      },
      "Duende.Private.Licensing": {
        "type": "Transitive",
        "resolved": "2.0.1",
        "contentHash": "LvMwb+uFt3IZZGI3nlJ0GmGEcs6dECCQhja13ycG8W3rdfmfxCGpke+xUuucmUwogIKJjyIkvk0vnTxeoeeBVQ==",
        "dependencies": {
          "System.IdentityModel.Tokens.Jwt": "8.18.0"
        }
      },
      "Elastic.Channels": {
        "type": "Transitive",
        "resolved": "0.14.0",
        "contentHash": "8vRZXKUntTgsN6TbbOVnKkFbq7hy4vwEPm2GYqM1oXGpOprTOdIp/l0ie6LAb8hm+is9CPIywqNZdfOp7KU+YQ=="
      },
      "Elastic.CommonSchema": {
        "type": "Transitive",
        "resolved": "9.0.0",
        "contentHash": "5I7rbqLobJZY2cf9EratD2peUva31eyfSwuf8Qm8gM5ButP5F/NNzcUuvsuAleBQXmAJb55CLnMxA9oMGYHdsg=="
      },
      "Elastic.CommonSchema.Serilog": {
        "type": "Transitive",
        "resolved": "9.0.0",
        "contentHash": "5MF4qqoXRddo8YBzV+EbhSBqo6F8UIAbj28GVEyiobRt/MZRzE3ddYd6k51yYJ4ZJ4WMtdZk5Wv8o8YpqW51KA==",
        "dependencies": {
          "Elastic.CommonSchema": "9.0.0",
          "Serilog": "4.3.0"
        }
      },
      "Elastic.Ingest.Elasticsearch": {
        "type": "Transitive",
        "resolved": "0.14.0",
        "contentHash": "+a1wTp7Z9ACzBlh1pt4r59HK3tpqimJGcbi5w4a/dMZ5/QlXJ6xj/yaSIQ6NgecQIUQVsibH0eFWGuwt2/rlTA==",
        "dependencies": {
          "Elastic.Ingest.Transport": "0.14.0"
        }
      },
      "Elastic.Ingest.Elasticsearch.CommonSchema": {
        "type": "Transitive",
        "resolved": "9.0.0",
        "contentHash": "TCmz6N/Vpspt9NxiFy2oWYqu4wc5UOAEqR7TZ3NNu/mLRfKx/0TUV3SXW+jIsacIsh/i5nb8JXRERwd/LbGpHg==",
        "dependencies": {
          "Elastic.CommonSchema": "9.0.0",
          "Elastic.Ingest.Elasticsearch": "0.14.0"
        }
      },
      "Elastic.Ingest.Transport": {
        "type": "Transitive",
        "resolved": "0.14.0",
        "contentHash": "XoBT9ub4imzF+KN14MWEVyS3O40teXQ4uPLkTL6XV6vZMbSjRvohg1/4B4YK0EBkDUu71xHLd6rupdwJXwYl8Q==",
        "dependencies": {
          "Elastic.Channels": "0.14.0",
          "Elastic.Transport": "0.10.0"
        }
      },
      "Elastic.Serilog.Sinks": {
        "type": "Transitive",
        "resolved": "9.0.0",
        "contentHash": "cxQIl06rGe+LeqUkJtGOpLzqn0XfUES3kCgeNhyVEvzCuvNCMXpyDTum+/q2r4fnvyx/0u+ynW59rW6lGtp79A==",
        "dependencies": {
          "Elastic.CommonSchema.Serilog": "9.0.0",
          "Elastic.Ingest.Elasticsearch.CommonSchema": "9.0.0"
        }
      },
      "Elastic.Transport": {
        "type": "Transitive",
        "resolved": "0.10.0",
        "contentHash": "xtEahhp8ZWj5T/uWbiHcodQrz3P/n1il/CFLzbpfk6ygKQTHn6RxDF16G4LiDqr3GrAleU6urOIdbWJ6+YDjpA=="
      },
      "Gee.External.Capstone": {
        "type": "Transitive",
        "resolved": "2.3.0",
        "contentHash": "2ap/rYmjtzCOT8hxrnEW/QeiOt+paD8iRrIcdKX0cxVwWLFa1e+JDBNeECakmccXrSFeBQuu5AV8SNkipFMMMw=="
      },
      "Google.Apis": {
        "type": "Transitive",
        "resolved": "1.75.0",
        "contentHash": "ZqODi2IvyTBezeGztemXv6U/+VinyqxxPiyoW2CZbzIrUp+a35Rt5tzUjXHPXK9nA1YQi/w8ABpYQpBm31ditw==",
        "dependencies": {
          "Google.Apis.Core": "1.75.0"
        }
      },
      "Google.Apis.Auth": {
        "type": "Transitive",
        "resolved": "1.75.0",
        "contentHash": "hzuGwUBIQYdFkChXm62E5Suxe+q5PHt2uE5EunGBco2j01uQJGlUgzNujZvGHMlAIEHaytzhdn3v3v52ZPgv2Q==",
        "dependencies": {
          "Google.Apis": "1.75.0",
          "Google.Apis.Core": "1.75.0",
          "System.Management": "7.0.2"
        }
      },
      "Google.Apis.Auth.AspNetCore3": {
        "type": "Transitive",
        "resolved": "1.75.0",
        "contentHash": "TyNClSa2hOzWZM89a8h4JANE0bFv6K0NnoOU+ODe8K9IL5zwrccJ0pngIuHNkA7QiC2jp2hbB9N+Hpxu4RRMhw==",
        "dependencies": {
          "Google.Apis.Auth": "1.75.0",
          "Microsoft.AspNetCore.Authentication.OpenIdConnect": "3.0.3"
        }
      },
      "Google.Apis.Core": {
        "type": "Transitive",
        "resolved": "1.75.0",
        "contentHash": "7AuI44XP4LzMFiOjdk4GCtCxJTIWZcjrXLeGjLYYSpTHHbiPkvm76XNym7zPOnD90sIg+zdTulg+I6D5W5spTQ==",
        "dependencies": {
          "Newtonsoft.Json": "13.0.4"
        }
      },
      "Iced": {
        "type": "Transitive",
        "resolved": "1.21.0",
        "contentHash": "dv5+81Q1TBQvVMSOOOmRcjJmvWcX3BZPZsIq31+RLc5cNft0IHAyNlkdb7ZarOWG913PyBoFDsDXoCIlKmLclg=="
      },
      "Microsoft.AspNetCore.Authentication.OpenIdConnect": {
        "type": "Transitive",
        "resolved": "10.0.7",
        "contentHash": "Q7c2IKS/EwKScck80dp5zps1g62Dbqpteeh/mGMReFKuiP+88yWT4jB+mcP4cIFA+wsuIxh9uFJa6GHK4/9rzQ==",
        "dependencies": {
          "Microsoft.IdentityModel.Protocols.OpenIdConnect": "8.0.1"
        }
      },
      "Microsoft.AspNetCore.Diagnostics.EntityFrameworkCore": {
        "type": "Transitive",
        "resolved": "10.0.10",
        "contentHash": "3MRIESzUosMgYUEvnOn+40S2q3P7NeXaXOpPUMGoVtvZtctj8ay8++6iZdvA1X5Gc3SeLnN1SLcywQHgjhnaXA==",
        "dependencies": {
          "Microsoft.EntityFrameworkCore.Relational": "10.0.10"
        }
      },
      "Microsoft.AspNetCore.Identity.EntityFrameworkCore": {
        "type": "Transitive",
        "resolved": "10.0.10",
        "contentHash": "/ZV8RMWbWob1ZGsF5f1wVJNNlFLPKCf2ba834PpQiNhirVQ/ksup5SujtuUsvByHEZgv+9dmjC/4Xdi75axmXQ==",
        "dependencies": {
          "Microsoft.EntityFrameworkCore.Relational": "10.0.10"
        }
      },
      "Microsoft.AspNetCore.Identity.UI": {
        "type": "Transitive",
        "resolved": "10.0.10",
        "contentHash": "RdI9FJYK+sSU20x+/SUumKoXRrnIT4PpcqaZ6lwQvMpV4XJKir/yaF0k7P9C7V/GTijxlOzymFlT+McXMotZDw==",
        "dependencies": {
          "Microsoft.Extensions.FileProviders.Embedded": "10.0.10"
        }
      },
      "Microsoft.Azure.Amqp": {
        "type": "Transitive",
        "resolved": "2.7.0",
        "contentHash": "gm/AEakujttMzrDhZ5QpRz3fICVkYDn/oDG9SmxDP+J7R8JDBXYU9WWG7hr6wQy40mY+wjUF0yUGXDPRDRNJwQ=="
      },
      "Microsoft.Bcl.AsyncInterfaces": {
        "type": "Transitive",
        "resolved": "10.0.9",
        "contentHash": "Aq7M8lG6BrHeatqKqncVm9m55ec34k6nnfPRLe/PvGg+b/pAsRM2ejofeKmCLjTXMa+5NGXm382f8CG/D5WDow=="
      },
      "Microsoft.Bcl.Cryptography": {
        "type": "Transitive",
        "resolved": "9.0.4",
        "contentHash": "YgZYAWzyNuPVtPq6WNm0bqOWNjYaWgl5mBWTGZyNoXitYBUYSp6iUB9AwK0V1mo793qRJUXz2t6UZrWITZSvuQ=="
      },
      "Microsoft.CodeAnalysis.Analyzers": {
        "type": "Transitive",
        "resolved": "3.11.0",
        "contentHash": "v/EW3UE8/lbEYHoC2Qq7AR/DnmvpgdtAMndfQNmpuIMx/Mto8L5JnuCfdBYtgvalQOtfNCnxFejxuRrryvUTsg=="
      },
      "Microsoft.CodeAnalysis.Common": {
        "type": "Transitive",
        "resolved": "4.14.0",
        "contentHash": "PC3tuwZYnC+idaPuoC/AZpEdwrtX7qFpmnrfQkgobGIWiYmGi5MCRtl5mx6QrfMGQpK78X2lfIEoZDLg/qnuHg==",
        "dependencies": {
          "Microsoft.CodeAnalysis.Analyzers": "3.11.0"
        }
      },
      "Microsoft.CodeAnalysis.CSharp": {
        "type": "Transitive",
        "resolved": "4.14.0",
        "contentHash": "568a6wcTivauIhbeWcCwfWwIn7UV7MeHEBvFB2uzGIpM2OhJ4eM/FZ8KS0yhPoNxnSpjGzz7x7CIjTxhslojQA==",
        "dependencies": {
          "Microsoft.CodeAnalysis.Analyzers": "3.11.0",
          "Microsoft.CodeAnalysis.Common": "[4.14.0]"
        }
      },
      "Microsoft.Data.SqlClient": {
        "type": "Transitive",
        "resolved": "6.1.1",
        "contentHash": "syGQmIUPAYYHAHyTD8FCkTNThpQWvoA7crnIQRMfp8dyB5A2cWU3fQexlRTFkVmV7S0TjVmthi0LJEFVjHo8AQ==",
        "dependencies": {
          "Azure.Core": "1.47.1",
          "Azure.Identity": "1.14.2",
          "Microsoft.Bcl.Cryptography": "9.0.4",
          "Microsoft.Data.SqlClient.SNI.runtime": "6.0.2",
          "Microsoft.IdentityModel.JsonWebTokens": "7.7.1",
          "Microsoft.IdentityModel.Protocols.OpenIdConnect": "7.7.1",
          "Microsoft.SqlServer.Server": "1.0.0",
          "System.Configuration.ConfigurationManager": "9.0.4",
          "System.Security.Cryptography.Pkcs": "9.0.4"
        }
      },
      "Microsoft.Data.SqlClient.SNI.runtime": {
        "type": "Transitive",
        "resolved": "6.0.2",
        "contentHash": "f+pRODTWX7Y67jXO3T5S2dIPZ9qMJNySjlZT/TKmWVNWe19N8jcWmHaqHnnchaq3gxEKv1SWVY5EFzOD06l41w=="
      },
      "Microsoft.Diagnostics.NETCore.Client": {
        "type": "Transitive",
        "resolved": "0.2.510501",
        "contentHash": "juoqJYMDs+lRrrZyOkXXMImJHneCF23cuvO4waFRd2Ds7j+ZuGIPbJm0Y/zz34BdeaGiiwGWraMUlln05W1PCQ=="
      },
      "Microsoft.Diagnostics.Runtime": {
        "type": "Transitive",
        "resolved": "3.1.512801",
        "contentHash": "0lMUDr2oxNZa28D6NH5BuSQEe5T9tZziIkvkD44YkkCGQXPJqvFjLq5ZQq1hYLl3RjQJrY+hR0jFgap+EWPDTw==",
        "dependencies": {
          "Microsoft.Diagnostics.NETCore.Client": "0.2.410101"
        }
      },
      "Microsoft.Diagnostics.Tracing.TraceEvent": {
        "type": "Transitive",
        "resolved": "3.1.21",
        "contentHash": "/OrJFKaojSR6TkUKtwh8/qA9XWNtxLrXMqvEb89dBSKCWjaGVTbKMYodIUgF5deCEtmd6GXuRerciXGl5bhZ7Q==",
        "dependencies": {
          "Microsoft.Diagnostics.NETCore.Client": "0.2.510501",
          "System.Reflection.TypeExtensions": "4.7.0"
        }
      },
      "Microsoft.DotNet.PlatformAbstractions": {
        "type": "Transitive",
        "resolved": "3.1.6",
        "contentHash": "jek4XYaQ/PGUwDKKhwR8K47Uh1189PFzMeLqO83mXrXQVIpARZCcfuDedH50YDTepBkfijCZN5U/vZi++erxtg=="
      },
      "Microsoft.EntityFrameworkCore": {
        "type": "Transitive",
        "resolved": "10.0.10",
        "contentHash": "a0V7zj/VbYP6dTdWpUgE/r2PuLKtUGe2aJ0lVKkn/wP9ZhaxUz2kQydVfvOjCv2SKxlrqdBfHhPD4Cvlf+4ffA==",
        "dependencies": {
          "Microsoft.EntityFrameworkCore.Abstractions": "10.0.10",
          "Microsoft.EntityFrameworkCore.Analyzers": "10.0.10"
        }
      },
      "Microsoft.EntityFrameworkCore.Abstractions": {
        "type": "Transitive",
        "resolved": "10.0.10",
        "contentHash": "bOzrFCl6uZCjaSh2bG1ToRQRdx+iXvxosCg9hFyG9OWeAzOFI4xev9OqKeWfKf/kAHyox2JnbcvLVf2ceA7sqA=="
      },
      "Microsoft.EntityFrameworkCore.Analyzers": {
        "type": "Transitive",
        "resolved": "10.0.10",
        "contentHash": "2gLDordUCGf3aNOOuqtTbP5mxhiP9nk6TnvGiE3RnqT891O+Zf/qKu1PIREubs1M16A0SImr4vULBfU5BTDs1Q=="
      },
      "Microsoft.EntityFrameworkCore.Relational": {
        "type": "Transitive",
        "resolved": "10.0.10",
        "contentHash": "wNonj40aZxia+GtuBiiD6ZqVh4h6y5Nje1bGdmzZ8/ui0QRsAN+S0SIrLHFCEGbG9cDbeaE40sh+Lr7o9rRs6g==",
        "dependencies": {
          "Microsoft.EntityFrameworkCore": "10.0.10"
        }
      },
      "Microsoft.EntityFrameworkCore.SqlServer": {
        "type": "Transitive",
        "resolved": "10.0.10",
        "contentHash": "xwAOvQ1WCfWyA4sRkoYVHyTm8UJ7NDYpRo++2oWuXGQ9g60Z1yepaQBmoPDT2nX24q4ISWnktAW9zARFTiSVvg==",
        "dependencies": {
          "Microsoft.Data.SqlClient": "6.1.1",
          "Microsoft.EntityFrameworkCore.Relational": "10.0.10"
        }
      },
      "Microsoft.Extensions.Azure": {
        "type": "Transitive",
        "resolved": "1.14.0",
        "contentHash": "g4d2TLfbAiZeXBcGkJdgIl2ZzqMcepMUbECENgg4XXqDU8uGAUwBxJb6x2DBpF6BY09vrHO0Ug3xZcH+cVbMrQ==",
        "dependencies": {
          "Azure.Core": "1.53.0"
        }
      },
      "Microsoft.Extensions.Caching.Hybrid": {
        "type": "Transitive",
        "resolved": "10.0.0",
        "contentHash": "xvhmF2dlwC3e8KKSuWOjJkjQdKG80991CUqjDnqzV1Od0CgMqbDw49kGJ9RiGrp3nbLTYCSb3c+KYo6TcENYRw=="
      },
      "Microsoft.Extensions.DependencyModel": {
        "type": "Transitive",
        "resolved": "10.0.0",
        "contentHash": "RFYJR7APio/BiqdQunRq6DB+nDB6nc2qhHr77mlvZ0q0BT8PubMXN7XicmfzCbrDE/dzhBnUKBRXLTcqUiZDGg=="
      },
      "Microsoft.Extensions.Diagnostics.HealthChecks.EntityFrameworkCore": {
        "type": "Transitive",
        "resolved": "10.0.10",
        "contentHash": "jgYLn+CG1/EgZ3lsAuRUvb0RFhr1q23/z4U85arQ8XgABVZAuJIVecLaShMxsB/AS0ufY+Z4OCv1facaiEyc5g==",
        "dependencies": {
          "Microsoft.EntityFrameworkCore.Relational": "10.0.10"
        }
      },
      "Microsoft.Extensions.FileProviders.Embedded": {
        "type": "Transitive",
        "resolved": "10.0.10",
        "contentHash": "TZQQIZ1wFmQX7WdRAyhaDlv3splUPOYheTP3aZtoLpxMlVnLOFRjiLaDB0PZX/d27N52+FLbiNkwL02x4hZgjg=="
      },
      "Microsoft.Identity.Client": {
        "type": "Transitive",
        "resolved": "4.84.2",
        "contentHash": "Va9FjmABSgj/lcUfHH0pBNQkmS7SNyepz2ERV7Yynp6QgEYpFdSqR6Vzy1WWipN8GS5pBHuXoZbqaDWuARCrHQ==",
        "dependencies": {
          "Microsoft.IdentityModel.Abstractions": "8.14.0"
        }
      },
      "Microsoft.Identity.Client.Extensions.Msal": {
        "type": "Transitive",
        "resolved": "4.84.2",
        "contentHash": "+D98LaU3dOu/Nzs6kgbBJapMvH7iwYcAeC99XwSkpmEadsPv6rozecOl9P6m4A3RfpOuPt9e6J6TwwUUp3+M4w==",
        "dependencies": {
          "Microsoft.Identity.Client": "4.84.2",
          "System.Security.Cryptography.ProtectedData": "4.5.0"
        }
      },
      "Microsoft.IdentityModel.Abstractions": {
        "type": "Transitive",
        "resolved": "8.18.0",
        "contentHash": "8VUcDy66uw1GUC/ytyRJAUgGxydPu2rLtUbUAiniCHd5SMB/01Q28XgqFyxIqb3srz6HWTgSsZdDbkdVJr3LXQ=="
      },
      "Microsoft.IdentityModel.JsonWebTokens": {
        "type": "Transitive",
        "resolved": "8.18.0",
        "contentHash": "ZUMJt3r1zOi67AVSfnh3u9hg9KCq06roOIX5gs7FqsucSZ/VTsI89DI9h2gHyU0xOtj/qVZV2ugWS6JlLMTwHQ==",
        "dependencies": {
          "Microsoft.IdentityModel.Tokens": "8.18.0"
        }
      },
      "Microsoft.IdentityModel.Logging": {
        "type": "Transitive",
        "resolved": "8.18.0",
        "contentHash": "c2l/VEtW1XI/ifcu49xzDwgrZZ0a0aX/TwCPC7mEHFQk/KixDgtSdjB5eDhYyCO38GJiRUjeRTz9aWCy1t55ww==",
        "dependencies": {
          "Microsoft.IdentityModel.Abstractions": "8.18.0"
        }
      },
      "Microsoft.IdentityModel.Protocols": {
        "type": "Transitive",
        "resolved": "8.0.1",
        "contentHash": "uA2vpKqU3I2mBBEaeJAWPTjT9v1TZrGWKdgK6G5qJd03CLx83kdiqO9cmiK8/n1erkHzFBwU/RphP83aAe3i3g==",
        "dependencies": {
          "Microsoft.IdentityModel.Tokens": "8.0.1"
        }
      },
      "Microsoft.IdentityModel.Protocols.OpenIdConnect": {
        "type": "Transitive",
        "resolved": "8.0.1",
        "contentHash": "AQDbfpL+yzuuGhO/mQhKNsp44pm5Jv8/BI4KiFXR7beVGZoSH35zMV3PrmcfvSTsyI6qrcR898NzUauD6SRigg==",
        "dependencies": {
          "Microsoft.IdentityModel.Protocols": "8.0.1",
          "System.IdentityModel.Tokens.Jwt": "8.0.1"
        }
      },
      "Microsoft.IdentityModel.Tokens": {
        "type": "Transitive",
        "resolved": "8.18.0",
        "contentHash": "c6ksXXFj5oPPsl8pfsui5zv8Gs7uxrGetXCTc1p7k7Nue/C8iBMtAVgtRrH7Esqe596QWD7KS3exKYY1FJG2iw==",
        "dependencies": {
          "Microsoft.IdentityModel.Logging": "8.18.0"
        }
      },
      "Microsoft.IdentityModel.Tokens.Saml": {
        "type": "Transitive",
        "resolved": "8.18.0",
        "contentHash": "Fgs2wLlZm3aZAcG5QrFXEdWjN72pa47bLfUXGP260MDZ6l1jwOG7K0ug2OxYa42IqcTu5HpLNMWLXlKgbOXtrQ==",
        "dependencies": {
          "Microsoft.IdentityModel.Tokens": "8.18.0",
          "Microsoft.IdentityModel.Xml": "8.18.0"
        }
      },
      "Microsoft.IdentityModel.Xml": {
        "type": "Transitive",
        "resolved": "8.18.0",
        "contentHash": "SMFAk7+vBYzmgzlCOOEkcBMwmrg9f5jabKmO14ZbYh1wlR2SovPxbhSNNeFl9qO3hBea+uZUpYMQuuC5ye0RPg==",
        "dependencies": {
          "Microsoft.IdentityModel.Tokens": "8.18.0"
        }
      },
      "Microsoft.SqlServer.Server": {
        "type": "Transitive",
        "resolved": "1.0.0",
        "contentHash": "N4KeF3cpcm1PUHym1RmakkzfkEv3GRMyofVv40uXsQhCQeglr2OHNcUk2WOG51AKpGO8ynGpo9M/kFXSzghwug=="
      },
      "Newtonsoft.Json": {
        "type": "Transitive",
        "resolved": "13.0.4",
        "contentHash": "pdgNNMai3zv51W5aq268sujXUyx7SNdE2bj1wZcWjAQrKMFZV260lbqYop1d2GM67JI1huLRwxo9ZqnfF/lC6A=="
      },
      "OpenTelemetry": {
        "type": "Transitive",
        "resolved": "1.17.0",
        "contentHash": "rMLOTftlMlTm7+MSrvXDHnJRjVkROFNKXHZrYjOsX+LankaFG7QSflx7qRRGjoqZoirohnxmJQ7GEb9occO4Gg==",
        "dependencies": {
          "OpenTelemetry.Api.ProviderBuilderExtensions": "1.17.0"
        }
      },
      "OpenTelemetry.Api": {
        "type": "Transitive",
        "resolved": "1.17.0",
        "contentHash": "mSBxzomZgHIJu9CyVNqyDu/n2JHEtqVgfcCD1Br0cV5iLYogjZOMqhlVLt99PEp+0KGBNUR3GXgeOdN2GR3F9g=="
      },
      "OpenTelemetry.Api.ProviderBuilderExtensions": {
        "type": "Transitive",
        "resolved": "1.17.0",
        "contentHash": "Xgc3Qf9B9TFMFpx6exTdGqMWuYIT2miNzkdMPutVvT9YuMFaEovXWke1Gb6z8NxYaQbbGF38vYLuSg1JCeui5Q==",
        "dependencies": {
          "OpenTelemetry.Api": "1.17.0"
        }
      },
      "OpenTelemetry.Exporter.Console": {
        "type": "Transitive",
        "resolved": "1.17.0",
        "contentHash": "sSoCa2DMCkw7tQabiVduwKWVyg9ungCiwh+0JuDPODF6CuYvR+OCuJwqcbzJsTMecWQrbgL8OYWAt3GC5tJGhw==",
        "dependencies": {
          "OpenTelemetry": "1.17.0"
        }
      },
      "OpenTelemetry.Exporter.OpenTelemetryProtocol": {
        "type": "Transitive",
        "resolved": "1.17.0",
        "contentHash": "R1omQOrQpGlS0Cp5UIr/TAiuEA48JrPlgr1NPV5gESiTU7HhWU+ILe2EBSYb1fKdsSavZ7nZkHcUxAzofPqr2A==",
        "dependencies": {
          "OpenTelemetry": "1.17.0"
        }
      },
      "OpenTelemetry.Extensions.Hosting": {
        "type": "Transitive",
        "resolved": "1.17.0",
        "contentHash": "t1OwL/4qgboGMobYVT+UV5zgWnFqCp4Pw8lcsmzh8m2K8PQsTKkyxrC32tqYTMYny3GOW4q5cltE3dTVzLmRew==",
        "dependencies": {
          "OpenTelemetry": "1.17.0"
        }
      },
      "OpenTelemetry.Instrumentation.AspNetCore": {
        "type": "Transitive",
        "resolved": "1.17.0",
        "contentHash": "rGbmk1vuy1kvgZmE0ps7Vb99YZvDap6AalrrF60FwnNit1uW/PbeFZj1cpb0T8MPkYmjhBrRJ1/JB6QqXkRjHA==",
        "dependencies": {
          "OpenTelemetry.Api.ProviderBuilderExtensions": "[1.17.0, 2.0.0)"
        }
      },
      "OpenTelemetry.Instrumentation.EntityFrameworkCore": {
        "type": "Transitive",
        "resolved": "1.15.1-beta.1",
        "contentHash": "NmtYLk3HJUUkV0g2VnFLs67/PGIVbI8JXtu0g4f9bk2ZaInp211/AL2+Qcbgkb9ih/uOi8loN6E1Aw2o0YIWag==",
        "dependencies": {
          "OpenTelemetry.Api.ProviderBuilderExtensions": "[1.15.3, 2.0.0)"
        }
      },
      "OpenTelemetry.Instrumentation.Http": {
        "type": "Transitive",
        "resolved": "1.17.0",
        "contentHash": "uTwVtxIJ/xB96wGYTaDsbkJVeCFdUxTwvrlDUn2YJixy0UuKc8DvQMzwKNJMTzNFiiyYO9c40id6tUHTmWs33A==",
        "dependencies": {
          "OpenTelemetry.Api.ProviderBuilderExtensions": "[1.17.0, 2.0.0)"
        }
      },
      "OpenTelemetry.Instrumentation.Runtime": {
        "type": "Transitive",
        "resolved": "1.17.0",
        "contentHash": "HyYenisDn/xdtyVXdjImsCl+RNC2gq01N0rvSR7tsYAylXR2sxX/YgMsyTajMXA27+r1vB7lNU8cWRhV0fwL+Q==",
        "dependencies": {
          "OpenTelemetry.Api": "[1.17.0, 2.0.0)"
        }
      },
      "OpenTelemetry.Instrumentation.SqlClient": {
        "type": "Transitive",
        "resolved": "1.17.0",
        "contentHash": "d/vGs0xdXjd4SvyPEQmcc/MQ88rbFRrW+7mEWrUf/lh/gneVhZQg91oGZmwJkh+CObhRoKNwF39TPXUXVDzUgA==",
        "dependencies": {
          "OpenTelemetry.Api.ProviderBuilderExtensions": "[1.17.0, 2.0.0)"
        }
      },
      "Perfolizer": {
        "type": "Transitive",
        "resolved": "0.6.1",
        "contentHash": "CR1QmWg4XYBd1Pb7WseP+sDmV8nGPwvmowKynExTqr3OuckIGVMhvmN4LC5PGzfXqDlR295+hz/T7syA1CxEqA==",
        "dependencies": {
          "Pragmastat": "3.2.4"
        }
      },
      "Pragmastat": {
        "type": "Transitive",
        "resolved": "3.2.4",
        "contentHash": "I5qFifWw/gaTQT52MhzjZpkm/JPlfjSeO/DTZJjO7+hTKI+0aGRgOgZ3NN6D96dDuuqbIAZSeA5RimtHjqrA2A=="
      },
      "Serilog": {
        "type": "Transitive",
        "resolved": "4.3.0",
        "contentHash": "+cDryFR0GRhsGOnZSKwaDzRRl4MupvJ42FhCE4zhQRVanX0Jpg6WuCBk59OVhVDPmab1bB+nRykAnykYELA9qQ=="
      },
      "Serilog.AspNetCore": {
        "type": "Transitive",
        "resolved": "10.0.0",
        "contentHash": "a/cNa1mY4On1oJlfGG1wAvxjp5g7OEzk/Jf/nm7NF9cWoE7KlZw1GldrifUBWm9oKibHkR7Lg/l5jy3y7ACR8w==",
        "dependencies": {
          "Serilog": "4.3.0",
          "Serilog.Extensions.Hosting": "10.0.0",
          "Serilog.Formatting.Compact": "3.0.0",
          "Serilog.Settings.Configuration": "10.0.0",
          "Serilog.Sinks.Console": "6.1.1",
          "Serilog.Sinks.Debug": "3.0.0",
          "Serilog.Sinks.File": "7.0.0"
        }
      },
      "Serilog.Enrichers.Environment": {
        "type": "Transitive",
        "resolved": "3.0.1",
        "contentHash": "9BqCE4C9FF+/rJb/CsQwe7oVf44xqkOvMwX//CUxvUR25lFL4tSS6iuxE5eW07quby1BAyAEP+vM6TWsnT3iqw==",
        "dependencies": {
          "Serilog": "4.0.0"
        }
      },
      "Serilog.Extensions.Hosting": {
        "type": "Transitive",
        "resolved": "10.0.0",
        "contentHash": "E7juuIc+gzoGxgzFooFgAV8g9BfiSXNKsUok9NmEpyAXg2odkcPsMa/Yo4axkJRlh0se7mkYQ1GXDaBemR+b6w==",
        "dependencies": {
          "Serilog": "4.3.0",
          "Serilog.Extensions.Logging": "10.0.0"
        }
      },
      "Serilog.Extensions.Logging": {
        "type": "Transitive",
        "resolved": "10.0.0",
        "contentHash": "vx0kABKl2dWbBhhqAfTOk53/i8aV/5VaT3a6il9gn72Wqs2pM7EK2OB6No6xdqK2IaY6Zf9gdjLuK9BVa2rT+Q==",
        "dependencies": {
          "Serilog": "4.2.0"
        }
      },
      "Serilog.Formatting.Compact": {
        "type": "Transitive",
        "resolved": "3.0.0",
        "contentHash": "wQsv14w9cqlfB5FX2MZpNsTawckN4a8dryuNGbebB/3Nh1pXnROHZov3swtu3Nj5oNG7Ba+xdu7Et/ulAUPanQ==",
        "dependencies": {
          "Serilog": "4.0.0"
        }
      },
      "Serilog.Settings.Configuration": {
        "type": "Transitive",
        "resolved": "10.0.0",
        "contentHash": "LNq+ibS1sbhTqPV1FIE69/9AJJbfaOhnaqkzcjFy95o+4U+STsta9mi97f1smgXsWYKICDeGUf8xUGzd/52/uA==",
        "dependencies": {
          "Microsoft.Extensions.DependencyModel": "10.0.0",
          "Serilog": "4.3.0"
        }
      },
      "Serilog.Sinks.Console": {
        "type": "Transitive",
        "resolved": "6.1.1",
        "contentHash": "8jbqgjUyZlfCuSTaJk6lOca465OndqOz3KZP6Cryt/IqZYybyBu7GP0fE/AXBzrrQB3EBmQntBFAvMVz1COvAA==",
        "dependencies": {
          "Serilog": "4.0.0"
        }
      },
      "Serilog.Sinks.Debug": {
        "type": "Transitive",
        "resolved": "3.0.0",
        "contentHash": "4BzXcdrgRX7wde9PmHuYd9U6YqycCC28hhpKonK7hx0wb19eiuRj16fPcPSVp0o/Y1ipJuNLYQ00R3q2Zs8FDA==",
        "dependencies": {
          "Serilog": "4.0.0"
        }
      },
      "Serilog.Sinks.File": {
        "type": "Transitive",
        "resolved": "7.0.0",
        "contentHash": "fKL7mXv7qaiNBUC71ssvn/dU0k9t0o45+qm2XgKAlSt19xF+ijjxyA3R6HmCgfKEKwfcfkwWjayuQtRueZFkYw==",
        "dependencies": {
          "Serilog": "4.2.0"
        }
      },
      "System.ClientModel": {
        "type": "Transitive",
        "resolved": "1.14.0",
        "contentHash": "yhIJHDW3Hh5kcvhHv3ww1T8qvya06Nlwo/SR/rke4/fHXtyKiqQV/9b/VDhnVI7QUcMnpfvh4pIEFhNsTDLeKQ==",
        "dependencies": {
          "System.Memory.Data": "10.0.3"
        }
      },
      "System.CodeDom": {
        "type": "Transitive",
        "resolved": "9.0.5",
        "contentHash": "cuzLM2MWutf9ZBEMPYYfd0DXwYdvntp7VCT6a/wvbKCa2ZuvGmW74xi+YBa2mrfEieAXqM4TNKlMmSnfAfpUoQ=="
      },
      "System.Configuration.ConfigurationManager": {
        "type": "Transitive",
        "resolved": "9.0.4",
        "contentHash": "dvjqKp+2LpGid6phzrdrS/2mmEPxFl3jE1+L7614q4ZChKbLJCpHXg6sBILlCCED1t//EE+un/UdAetzIMpqnw==",
        "dependencies": {
          "System.Security.Cryptography.ProtectedData": "9.0.4"
        }
      },
      "System.IdentityModel.Tokens.Jwt": {
        "type": "Transitive",
        "resolved": "8.18.0",
        "contentHash": "JxKlBca3/eXeH4koAGjEXOwrBdtwyDXwHXdYT5TQunp64TcVBl4wBCfmlGwhSG017Q/Qrz24leLxV6v2eknnJg==",
        "dependencies": {
          "Microsoft.IdentityModel.JsonWebTokens": "8.18.0",
          "Microsoft.IdentityModel.Tokens": "8.18.0"
        }
      },
      "System.IO.Hashing": {
        "type": "Transitive",
        "resolved": "8.0.0",
        "contentHash": "ne1843evDugl0md7Fjzy6QjJrzsjh46ZKbhf8GwBXb5f/gw97J4bxMs0NQKifDuThh/f0bZ0e62NPl1jzTuRqA=="
      },
      "System.Management": {
        "type": "Transitive",
        "resolved": "9.0.5",
        "contentHash": "n6o9PZm9p25+zAzC3/48K0oHnaPKTInRrxqFq1fi/5TPbMLjuoCm/h//mS3cUmSy+9AO1Z+qsC/Ilt/ZFatv5Q==",
        "dependencies": {
          "System.CodeDom": "9.0.5"
        }
      },
      "System.Memory.Data": {
        "type": "Transitive",
        "resolved": "10.0.9",
        "contentHash": "YweovHiLUoEdbr2Xv8eRqCSkTu1vMms4a6xBHaQiMSFVy32PL+hXv6Vhol2NWOmLHjaVgTyhJ3R52U6JxS6w3Q=="
      },
      "System.Reflection.TypeExtensions": {
        "type": "Transitive",
        "resolved": "4.7.0",
        "contentHash": "VybpaOQQhqE6siHppMktjfGBw1GCwvCqiufqmP8F1nj7fTUNtW35LOEt3UZTEsECfo+ELAl/9o9nJx3U91i7vA=="
      },
      "System.Security.Cryptography.Pkcs": {
        "type": "Transitive",
        "resolved": "9.0.4",
        "contentHash": "cUFTcMlz/Qw9s90b2wnWSCvHdjv51Bau9FQqhsr4TlwSe1OX+7SoXUqphis5G74MLOvMOCghxPPlEqOdCrVVGA=="
      },
      "System.Security.Cryptography.ProtectedData": {
        "type": "Transitive",
        "resolved": "9.0.4",
        "contentHash": "o94k2RKuAce3GeDMlUvIXlhVa1kWpJw95E6C9LwW0KlG0nj5+SgCiIxJ2Eroqb9sLtG1mEMbFttZIBZ13EJPvQ=="
      },
      "identity": {
        "type": "Project",
        "dependencies": {
          "Azure.Extensions.AspNetCore.DataProtection.Blobs": "[1.5.3, )",
          "Azure.Extensions.AspNetCore.DataProtection.Keys": "[1.6.3, )",
          "Azure.Identity": "[1.21.0, )",
          "Azure.Messaging.ServiceBus": "[7.20.2, )",
          "Duende.IdentityServer.AspNetIdentity": "[8.0.4, )",
          "Duende.IdentityServer.EntityFramework": "[8.0.4, )",
          "Elastic.Serilog.Sinks": "[9.0.0, )",
          "Google.Apis.Auth.AspNetCore3": "[1.75.0, )",
          "Microsoft.AspNetCore.Diagnostics.EntityFrameworkCore": "[10.0.10, )",
          "Microsoft.AspNetCore.Identity.EntityFrameworkCore": "[10.0.10, )",
          "Microsoft.AspNetCore.Identity.UI": "[10.0.10, )",
          "Microsoft.EntityFrameworkCore.SqlServer": "[10.0.10, )",
          "Microsoft.Extensions.Azure": "[1.14.0, )",
          "Microsoft.Extensions.Diagnostics.HealthChecks.EntityFrameworkCore": "[10.0.10, )",
          "OpenTelemetry.Exporter.Console": "[1.17.0, )",
          "OpenTelemetry.Exporter.OpenTelemetryProtocol": "[1.17.0, )",
          "OpenTelemetry.Extensions.Hosting": "[1.17.0, )",
          "OpenTelemetry.Instrumentation.AspNetCore": "[1.17.0, )",
          "OpenTelemetry.Instrumentation.EntityFrameworkCore": "[1.15.1-beta.1, )",
          "OpenTelemetry.Instrumentation.Http": "[1.17.0, )",
          "OpenTelemetry.Instrumentation.Runtime": "[1.17.0, )",
          "OpenTelemetry.Instrumentation.SqlClient": "[1.17.0, )",
          "Serilog.AspNetCore": "[10.0.0, )",
          "Serilog.Enrichers.Environment": "[3.0.1, )",
          "Serilog.Sinks.Console": "[6.1.1, )"
        }
      }
    }
  }
}